
Microsoft Visual Studio Solution File, Format Version 12.00
# Visual Studio Version 17
VisualStudioVersion = 17.2.32616.157
MinimumVisualStudioVersion = 10.0.40219.1
Project("{FAE04EC0-301F-11D3-BF4B-00C04F79EFBC}") = "BleTracking.Android", "BleTracking\BleTracking.Android\BleTracking.Android.csproj", "{173F7E5B-0025-4856-BBED-564D6A650DC2}"
EndProject
Project("{9A19103F-16F7-4668-BE54-9A1E7A4F7556}") = "BleTracking", "BleTracking\BleTracking\BleTracking.csproj", "{50563963-13FD-44ED-936F-A55D30F611B2}"
EndProject
Global
	GlobalSection(SolutionConfigurationPlatforms) = preSolution
		Debug|Any CPU = Debug|Any CPU
		Release|Any CPU = Release|Any CPU
	EndGlobalSection
	GlobalSection(ProjectConfigurationPlatforms) = postSolution
		{173F7E5B-0025-4856-BBED-564D6A650DC2}.Debug|Any CPU.ActiveCfg = Debug|Any CPU
		{173F7E5B-0025-4856-BBED-564D6A650DC2}.Debug|Any CPU.Build.0 = Debug|Any CPU
		{173F7E5B-0025-4856-BBED-564D6A650DC2}.Debug|Any CPU.Deploy.0 = Debug|Any CPU
		{173F7E5B-0025-4856-BBED-564D6A650DC2}.Release|Any CPU.ActiveCfg = Release|Any CPU
		{173F7E5B-0025-4856-BBED-564D6A650DC2}.Release|Any CPU.Build.0 = Release|Any CPU
		{173F7E5B-0025-4856-BBED-564D6A650DC2}.Release|Any CPU.Deploy.0 = Release|Any CPU
		{50563963-13FD-44ED-936F-A55D30F611B2}.Debug|Any CPU.ActiveCfg = Debug|Any CPU
		{50563963-13FD-44ED-936F-A55D30F611B2}.Debug|Any CPU.Build.0 = Debug|Any CPU
		{50563963-13FD-44ED-936F-A55D30F611B2}.Debug|Any CPU.Deploy.0 = Debug|Any CPU
		{50563963-13FD-44ED-936F-A55D30F611B2}.Release|Any CPU.ActiveCfg = Release|Any CPU
		{50563963-13FD-44ED-936F-A55D30F611B2}.Release|Any CPU.Build.0 = Release|Any CPU
		{50563963-13FD-44ED-936F-A55D30F611B2}.Release|Any CPU.Deploy.0 = Release|Any CPU
	EndGlobalSection
	GlobalSection(SolutionProperties) = preSolution
		HideSolutionNode = FALSE
	EndGlobalSection
	GlobalSection(ExtensibilityGlobals) = postSolution
		SolutionGuid = {F8EFE5D2-7808-4ED1-8749-854D47E93F97}
	EndGlobalSection
EndGlobal
